// !$*UTF8*$!
{
	archiveVersion = 1;
	classes = {
	};
	objectVersion = 55;
	objects = {

/* Begin PBXBuildFile section */
		6690C96C2989D38600DAB628 /* Law_ExpertApp.swift in Sources */ = {isa = PBXBuildFile; fileRef = 6690C96B2989D38600DAB628 /* Law_ExpertApp.swift */; };
		6690C96E2989D38600DAB628 /* ContentView.swift in Sources */ = {isa = PBXBuildFile; fileRef = 6690C96D2989D38600DAB628 /* ContentView.swift */; };
		6690C9702989D38700DAB628 /* Assets.xcassets in Resources */ = {isa = PBXBuildFile; fileRef = 6690C96F2989D38700DAB628 /* Assets.xcassets */; };
		6690C9732989D38700DAB628 /* Preview Assets.xcassets in Resources */ = {isa = PBXBuildFile; fileRef = 6690C9722989D38700DAB628 /* Preview Assets.xcassets */; };
		6690C97D2989D38700DAB628 /* Law_ExpertTests.swift in Sources */ = {isa = PBXBuildFile; fileRef = 6690C97C2989D38700DAB628 /* Law_ExpertTests.swift */; };
		6690C9872989D38700DAB628 /* Law_ExpertUITests.swift in Sources */ = {isa = PBXBuildFile; fileRef = 6690C9862989D38700DAB628 /* Law_ExpertUITests.swift */; };
		6690C9892989D38700DAB628 /* Law_ExpertUITestsLaunchTests.swift in Sources */ = {isa = PBXBuildFile; fileRef = 6690C9882989D38700DAB628 /* Law_ExpertUITestsLaunchTests.swift */; };
		6690C9992989D3BC00DAB628 /* QuizModel.swift in Sources */ = {isa = PBXBuildFile; fileRef = 6690C9982989D3BC00DAB628 /* QuizModel.swift */; };
		6690C99A2989D3BC00DAB628 /* QuizModel.swift in Sources */ = {isa = PBXBuildFile; fileRef = 6690C9982989D3BC00DAB628 /* QuizModel.swift */; };
		6690C99B2989D3BC00DAB628 /* QuizModel.swift in Sources */ = {isa = PBXBuildFile; fileRef = 6690C9982989D3BC00DAB628 /* QuizModel.swift */; };
/* End PBXBuildFile section */

/* Begin PBXContainerItemProxy section */
		6690C9792989D38700DAB628 /* PBXContainerItemProxy */ = {
			isa = PBXContainerItemProxy;
			containerPortal = 6690C9602989D38600DAB628 /* Project object */;
			proxyType = 1;
			remoteGlobalIDString = 6690C9672989D38600DAB628;
			remoteInfo = "Law Expert";
		};
		6690C9832989D38700DAB628 /* PBXContainerItemProxy */ = {
			isa = PBXContainerItemProxy;
			containerPortal = 6690C9602989D38600DAB628 /* Project object */;
			proxyType = 1;
			remoteGlobalIDString = 6690C9672989D38600DAB628;
			remoteInfo = "Law Expert";
		};
/* End PBXContainerItemProxy section */

/* Begin PBXFileReference section */
		6690C9682989D38600DAB628 /* Law Expert.app */ = {isa = PBXFileReference; explicitFileType = wrapper.application; includeInIndex = 0; path = "Law Expert.app"; sourceTree = BUILT_PRODUCTS_DIR; };
		6690C96B2989D38600DAB628 /* Law_ExpertApp.swift */ = {isa = PBXFileReference; lastKnownFileType = sourcecode.swift; path = Law_ExpertApp.swift; sourceTree = "<group>"; };
		6690C96D2989D38600DAB628 /* ContentView.swift */ = {isa = PBXFileReference; lastKnownFileType = sourcecode.swift; path = ContentView.swift; sourceTree = "<group>"; };
		6690C96F2989D38700DAB628 /* Assets.xcassets */ = {isa = PBXFileReference; lastKnownFileType = folder.assetcatalog; path = Assets.xcassets; sourceTree = "<group>"; };
		6690C9722989D38700DAB628 /* Preview Assets.xcassets */ = {isa = PBXFileReference; lastKnownFileType = folder.assetcatalog; path = "Preview Assets.xcassets"; sourceTree = "<group>"; };
		6690C9782989D38700DAB628 /* Law ExpertTests.xctest */ = {isa = PBXFileReference; explicitFileType = wrapper.cfbundle; includeInIndex = 0; path = "Law ExpertTests.xctest"; sourceTree = BUILT_PRODUCTS_DIR; };
		6690C97C2989D38700DAB628 /* Law_ExpertTests.swift */ = {isa = PBXFileReference; lastKnownFileType = sourcecode.swift; path = Law_ExpertTests.swift; sourceTree = "<group>"; };
		6690C9822989D38700DAB628 /* Law ExpertUITests.xctest */ = {isa = PBXFileReference; explicitFileType = wrapper.cfbundle; includeInIndex = 0; path = "Law ExpertUITests.xctest"; sourceTree = BUILT_PRODUCTS_DIR; };
		6690C9862989D38700DAB628 /* Law_ExpertUITests.swift */ = {isa = PBXFileReference; lastKnownFileType = sourcecode.swift; path = Law_ExpertUITests.swift; sourceTree = "<group>"; };
		6690C9882989D38700DAB628 /* Law_ExpertUITestsLaunchTests.swift */ = {isa = PBXFileReference; lastKnownFileType = sourcecode.swift; path = Law_ExpertUITestsLaunchTests.swift; sourceTree = "<group>"; };
		6690C9982989D3BC00DAB628 /* QuizModel.swift */ = {isa = PBXFileReference; lastKnownFileType = sourcecode.swift; path = QuizModel.swift; sourceTree = "<group>"; };
/* End PBXFileReference section */

/* Begin PBXFrameworksBuildPhase section */
		6690C9652989D38600DAB628 /* Frameworks */ = {
			isa = PBXFrameworksBuildPhase;
			buildActionMask = 2147483647;
			files = (
			);
			runOnlyForDeploymentPostprocessing = 0;
		};
		6690C9752989D38700DAB628 /* Frameworks */ = {
			isa = PBXFrameworksBuildPhase;
			buildActionMask = 2147483647;
			files = (
			);
			runOnlyForDeploymentPostprocessing = 0;
		};
		6690C97F2989D38700DAB628 /* Frameworks */ = {
			isa = PBXFrameworksBuildPhase;
			buildActionMask = 2147483647;
			files = (
			);
			runOnlyForDeploymentPostprocessing = 0;
		};
/* End PBXFrameworksBuildPhase section */

/* Begin PBXGroup section */
		6690C95F2989D38600DAB628 = {
			isa = PBXGroup;
			children = (
				6690C96A2989D38600DAB628 /* Law Expert */,
				6690C97B2989D38700DAB628 /* Law ExpertTests */,
				6690C9852989D38700DAB628 /* Law ExpertUITests */,
				6690C9692989D38600DAB628 /* Products */,
			);
			sourceTree = "<group>";
		};
		6690C9692989D38600DAB628 /* Products */ = {
			isa = PBXGroup;
			children = (
				6690C9682989D38600DAB628 /* Law Expert.app */,
				6690C9782989D38700DAB628 /* Law ExpertTests.xctest */,
				6690C9822989D38700DAB628 /* Law ExpertUITests.xctest */,
			);
			name = Products;
			sourceTree = "<group>";
		};
		6690C96A2989D38600DAB628 /* Law Expert */ = {
			isa = PBXGroup;
			children = (
				6690C9972989D3A700DAB628 /* UIComponents */,
				6690C9962989D3A100DAB628 /* Models */,
				6690C9952989D39B00DAB628 /* ViewModels */,
				6690C96B2989D38600DAB628 /* Law_ExpertApp.swift */,
				6690C96D2989D38600DAB628 /* ContentView.swift */,
				6690C96F2989D38700DAB628 /* Assets.xcassets */,
				6690C9712989D38700DAB628 /* Preview Content */,
			);
			path = "Law Expert";
			sourceTree = "<group>";
		};
		6690C9712989D38700DAB628 /* Preview Content */ = {
			isa = PBXGroup;
			children = (
				6690C9722989D38700DAB628 /* Preview Assets.xcassets */,
			);
			path = "Preview Content";
			sourceTree = "<group>";
		};
		6690C97B2989D38700DAB628 /* Law ExpertTests */ = {
			isa = PBXGroup;
			children = (
				6690C97C2989D38700DAB628 /* Law_ExpertTests.swift */,
			);
			path = "Law ExpertTests";
			sourceTree = "<group>";
		};
		6690C9852989D38700DAB628 /* Law ExpertUITests */ = {
			isa = PBXGroup;
			children = (
				6690C9862989D38700DAB628 /* Law_ExpertUITests.swift */,
				6690C9882989D38700DAB628 /* Law_ExpertUITestsLaunchTests.swift */,
			);
			path = "Law ExpertUITests";
			sourceTree = "<group>";
		};
		6690C9952989D39B00DAB628 /* ViewModels */ = {
			isa = PBXGroup;
			children = (
			);
			path = ViewModels;
			sourceTree = "<group>";
		};
		6690C9962989D3A100DAB628 /* Models */ = {
			isa = PBXGroup;
			children = (
				6690C9982989D3BC00DAB628 /* QuizModel.swift */,
			);
			path = Models;
			sourceTree = "<group>";
		};
		6690C9972989D3A700DAB628 /* UIComponents */ = {
			isa = PBXGroup;
			children = (
			);
			path = UIComponents;
			sourceTree = "<group>";
		};
/* End PBXGroup section */

/* Begin PBXNativeTarget section */
		6690C9672989D38600DAB628 /* Law Expert */ = {
			isa = PBXNativeTarget;
			buildConfigurationList = 6690C98C2989D38700DAB628 /* Build configuration list for PBXNativeTarget "Law Expert" */;
			buildPhases = (
				6690C9642989D38600DAB628 /* Sources */,
				6690C9652989D38600DAB628 /* Frameworks */,
				6690C9662989D38600DAB628 /* Resources */,
			);
			buildRules = (
			);
			dependencies = (
			);
			name = "Law Expert";
			productName = "Law Expert";
			productReference = 6690C9682989D38600DAB628 /* Law Expert.app */;
			productType = "com.apple.product-type.application";
		};
		6690C9772989D38700DAB628 /* Law ExpertTests */ = {
			isa = PBXNativeTarget;
			buildConfigurationList = 6690C98F2989D38700DAB628 /* Build configuration list for PBXNativeTarget "Law ExpertTests" */;
			buildPhases = (
				6690C9742989D38700DAB628 /* Sources */,
				6690C9752989D38700DAB628 /* Frameworks */,
				6690C9762989D38700DAB628 /* Resources */,
			);
			buildRules = (
			);
			dependencies = (
				6690C97A2989D38700DAB628 /* PBXTargetDependency */,
			);
			name = "Law ExpertTests";
			productName = "Law ExpertTests";
			productReference = 6690C9782989D38700DAB628 /* Law ExpertTests.xctest */;
			productType = "com.apple.product-type.bundle.unit-test";
		};
		6690C9812989D38700DAB628 /* Law ExpertUITests */ = {
			isa = PBXNativeTarget;
			buildConfigurationList = 6690C9922989D38700DAB628 /* Build configuration list for PBXNativeTarget "Law ExpertUITests" */;
			buildPhases = (
				6690C97E2989D38700DAB628 /* Sources */,
				6690C97F2989D38700DAB628 /* Frameworks */,
				6690C9802989D38700DAB628 /* Resources */,
			);
			buildRules = (
			);
			dependencies = (
				6690C9842989D38700DAB628 /* PBXTargetDependency */,
			);
			name = "Law ExpertUITests";
			productName = "Law ExpertUITests";
			productReference = 6690C9822989D38700DAB628 /* Law ExpertUITests.xctest */;
			productType = "com.apple.product-type.bundle.ui-testing";
		};
/* End PBXNativeTarget section */

/* Begin PBXProject section */
		6690C9602989D38600DAB628 /* Project object */ = {
			isa = PBXProject;
			attributes = {
				BuildIndependentTargetsInParallel = 1;
				LastSwiftUpdateCheck = 1340;
				LastUpgradeCheck = 1340;
				TargetAttributes = {
					6690C9672989D38600DAB628 = {
						CreatedOnToolsVersion = 13.4;
					};
					6690C9772989D38700DAB628 = {
						CreatedOnToolsVersion = 13.4;
						TestTargetID = 6690C9672989D38600DAB628;
					};
					6690C9812989D38700DAB628 = {
						CreatedOnToolsVersion = 13.4;
						TestTargetID = 6690C9672989D38600DAB628;
					};
				};
			};
			buildConfigurationList = 6690C9632989D38600DAB628 /* Build configuration list for PBXProject "Law Expert" */;
			compatibilityVersion = "Xcode 13.0";
			developmentRegion = en;
			hasScannedForEncodings = 0;
			knownRegions = (
				en,
				Base,
			);
			mainGroup = 6690C95F2989D38600DAB628;
			productRefGroup = 6690C9692989D38600DAB628 /* Products */;
			projectDirPath = "";
			projectRoot = "";
			targets = (
				6690C9672989D38600DAB628 /* Law Expert */,
				6690C9772989D38700DAB628 /* Law ExpertTests */,
				6690C9812989D38700DAB628 /* Law ExpertUITests */,
			);
		};
/* End PBXProject section */

/* Begin PBXResourcesBuildPhase section */
		6690C9662989D38600DAB628 /* Resources */ = {
			isa = PBXResourcesBuildPhase;
			buildActionMask = 2147483647;
			files = (
				6690C9732989D38700DAB628 /* Preview Assets.xcassets in Resources */,
				6690C9702989D38700DAB628 /* Assets.xcassets in Resources */,
			);
			runOnlyForDeploymentPostprocessing = 0;
		};
		6690C9762989D38700DAB628 /* Resources */ = {
			isa = PBXResourcesBuildPhase;
			buildActionMask = 2147483647;
			files = (
			);
			runOnlyForDeploymentPostprocessing = 0;
		};
		6690C9802989D38700DAB628 /* Resources */ = {
			isa = PBXResourcesBuildPhase;
			buildActionMask = 2147483647;
			files = (
			);
			runOnlyForDeploymentPostprocessing = 0;
		};
/* End PBXResourcesBuildPhase section */

/* Begin PBXSourcesBuildPhase section */
		6690C9642989D38600DAB628 /* Sources */ = {
			isa = PBXSourcesBuildPhase;
			buildActionMask = 2147483647;
			files = (
				6690C96E2989D38600DAB628 /* ContentView.swift in Sources */,
				6690C9992989D3BC00DAB628 /* QuizModel.swift in Sources */,
				6690C96C2989D38600DAB628 /* Law_ExpertApp.swift in Sources */,
			);
			runOnlyForDeploymentPostprocessing = 0;
		};
		6690C9742989D38700DAB628 /* Sources */ = {
			isa = PBXSourcesBuildPhase;
			buildActionMask = 2147483647;
			files = (
				6690C99A2989D3BC00DAB628 /* QuizModel.swift in Sources */,
				6690C97D2989D38700DAB628 /* Law_ExpertTests.swift in Sources */,
			);
			runOnlyForDeploymentPostprocessing = 0;
		};
		6690C97E2989D38700DAB628 /* Sources */ = {
			isa = PBXSourcesBuildPhase;
			buildActionMask = 2147483647;
			files = (
				6690C9872989D38700DAB628 /* Law_ExpertUITests.swift in Sources */,
				6690C99B2989D3BC00DAB628 /* QuizModel.swift in Sources */,
				6690C9892989D38700DAB628 /* Law_ExpertUITestsLaunchTests.swift in Sources */,
			);
			runOnlyForDeploymentPostprocessing = 0;
		};
/* End PBXSourcesBuildPhase section */

/* Begin PBXTargetDependency section */
		6690C97A2989D38700DAB628 /* PBXTargetDependency */ = {
			isa = PBXTargetDependency;
			target = 6690C9672989D38600DAB628 /* Law Expert */;
			targetProxy = 6690C9792989D38700DAB628 /* PBXContainerItemProxy */;
		};
		6690C9842989D38700DAB628 /* PBXTargetDependency */ = {
			isa = PBXTargetDependency;
			target = 6690C9672989D38600DAB628 /* Law Expert */;
			targetProxy = 6690C9832989D38700DAB628 /* PBXContainerItemProxy */;
		};
/* End PBXTargetDependency section */

/* Begin XCBuildConfiguration section */
		6690C98A2989D38700DAB628 /* Debug */ = {
			isa = XCBuildConfiguration;
			buildSettings = {
				ALWAYS_SEARCH_USER_PATHS = NO;
				CLANG_ANALYZER_NONNULL = YES;
				CLANG_ANALYZER_NUMBER_OBJECT_CONVERSION = YES_AGGRESSIVE;
				CLANG_CXX_LANGUAGE_STANDARD = "gnu++17";
				CLANG_ENABLE_MODULES = YES;
				CLANG_ENABLE_OBJC_ARC = YES;
				CLANG_ENABLE_OBJC_WEAK = YES;
				CLANG_WARN_BLOCK_CAPTURE_AUTORELEASING = YES;
				CLANG_WARN_BOOL_CONVERSION = YES;
				CLANG_WARN_COMMA = YES;
				CLANG_WARN_CONSTANT_CONVERSION = YES;
				CLANG_WARN_DEPRECATED_OBJC_IMPLEMENTATIONS = YES;
				CLANG_WARN_DIRECT_OBJC_ISA_USAGE = YES_ERROR;
				CLANG_WARN_DOCUMENTATION_COMMENTS = YES;
				CLANG_WARN_EMPTY_BODY = YES;
				CLANG_WARN_ENUM_CONVERSION = YES;
				CLANG_WARN_INFINITE_RECURSION = YES;
				CLANG_WARN_INT_CONVERSION = YES;
				CLANG_WARN_NON_LITERAL_NULL_CONVERSION = YES;
				CLANG_WARN_OBJC_IMPLICIT_RETAIN_SELF = YES;
				CLANG_WARN_OBJC_LITERAL_CONVERSION = YES;
				CLANG_WARN_OBJC_ROOT_CLASS = YES_ERROR;
				CLANG_WARN_QUOTED_INCLUDE_IN_FRAMEWORK_HEADER = YES;
				CLANG_WARN_RANGE_LOOP_ANALYSIS = YES;
				CLANG_WARN_STRICT_PROTOTYPES = YES;
				CLANG_WARN_SUSPICIOUS_MOVE = YES;
				CLANG_WARN_UNGUARDED_AVAILABILITY = YES_AGGRESSIVE;
				CLANG_WARN_UNREACHABLE_CODE = YES;
				CLANG_WARN__DUPLICATE_METHOD_MATCH = YES;
				COPY_PHASE_STRIP = NO;
				DEBUG_INFORMATION_FORMAT = dwarf;
				ENABLE_STRICT_OBJC_MSGSEND = YES;
				ENABLE_TESTABILITY = YES;
				GCC_C_LANGUAGE_STANDARD = gnu11;
				GCC_DYNAMIC_NO_PIC = NO;
				GCC_NO_COMMON_BLOCKS = YES;
				GCC_OPTIMIZATION_LEVEL = 0;
				GCC_PREPROCESSOR_DEFINITIONS = (
					"DEBUG=1",
					"$(inherited)",
				);
				GCC_WARN_64_TO_32_BIT_CONVERSION = YES;
				GCC_WARN_ABOUT_RETURN_TYPE = YES_ERROR;
				GCC_WARN_UNDECLARED_SELECTOR = YES;
				GCC_WARN_UNINITIALIZED_AUTOS = YES_AGGRESSIVE;
				GCC_WARN_UNUSED_FUNCTION = YES;
				GCC_WARN_UNUSED_VARIABLE = YES;
				IPHONEOS_DEPLOYMENT_TARGET = 15.5;
				MTL_ENABLE_DEBUG_INFO = INCLUDE_SOURCE;
				MTL_FAST_MATH = YES;
				ONLY_ACTIVE_ARCH = YES;
				SDKROOT = iphoneos;
				SWIFT_ACTIVE_COMPILATION_CONDITIONS = DEBUG;
				SWIFT_OPTIMIZATION_LEVEL = "-Onone";
			};
			name = Debug;
		};
		6690C98B2989D38700DAB628 /* Release */ = {
			isa = XCBuildConfiguration;
			buildSettings = {
				ALWAYS_SEARCH_USER_PATHS = NO;
				CLANG_ANALYZER_NONNULL = YES;
				CLANG_ANALYZER_NUMBER_OBJECT_CONVERSION = YES_AGGRESSIVE;
				CLANG_CXX_LANGUAGE_STANDARD = "gnu++17";
				CLANG_ENABLE_MODULES = YES;
				CLANG_ENABLE_OBJC_ARC = YES;
				CLANG_ENABLE_OBJC_WEAK = YES;
				CLANG_WARN_BLOCK_CAPTURE_AUTORELEASING = YES;
				CLANG_WARN_BOOL_CONVERSION = YES;
				CLANG_WARN_COMMA = YES;
				CLANG_WARN_CONSTANT_CONVERSION = YES;
				CLANG_WARN_DEPRECATED_OBJC_IMPLEMENTATIONS = YES;
				CLANG_WARN_DIRECT_OBJC_ISA_USAGE = YES_ERROR;
				CLANG_WARN_DOCUMENTATION_COMMENTS = YES;
				CLANG_WARN_EMPTY_BODY = YES;
				CLANG_WARN_ENUM_CONVERSION = YES;
				CLANG_WARN_INFINITE_RECURSION = YES;
				CLANG_WARN_INT_CONVERSION = YES;
				CLANG_WARN_NON_LITERAL_NULL_CONVERSION = YES;
				CLANG_WARN_OBJC_IMPLICIT_RETAIN_SELF = YES;
				CLANG_WARN_OBJC_LITERAL_CONVERSION = YES;
				CLANG_WARN_OBJC_ROOT_CLASS = YES_ERROR;
				CLANG_WARN_QUOTED_INCLUDE_IN_FRAMEWORK_HEADER = YES;
				CLANG_WARN_RANGE_LOOP_ANALYSIS = YES;
				CLANG_WARN_STRICT_PROTOTYPES = YES;
				CLANG_WARN_SUSPICIOUS_MOVE = YES;
				CLANG_WARN_UNGUARDED_AVAILABILITY = YES_AGGRESSIVE;
				CLANG_WARN_UNREACHABLE_CODE = YES;
				CLANG_WARN__DUPLICATE_METHOD_MATCH = YES;
				COPY_PHASE_STRIP = NO;
				DEBUG_INFORMATION_FORMAT = "dwarf-with-dsym";
				ENABLE_NS_ASSERTIONS = NO;
				ENABLE_STRICT_OBJC_MSGSEND = YES;
				GCC_C_LANGUAGE_STANDARD = gnu11;
				GCC_NO_COMMON_BLOCKS = YES;
				GCC_WARN_64_TO_32_BIT_CONVERSION = YES;
				GCC_WARN_ABOUT_RETURN_TYPE = YES_ERROR;
				GCC_WARN_UNDECLARED_SELECTOR = YES;
				GCC_WARN_UNINITIALIZED_AUTOS = YES_AGGRESSIVE;
				GCC_WARN_UNUSED_FUNCTION = YES;
				GCC_WARN_UNUSED_VARIABLE = YES;
				IPHONEOS_DEPLOYMENT_TARGET = 15.5;
				MTL_ENABLE_DEBUG_INFO = NO;
				MTL_FAST_MATH = YES;
				SDKROOT = iphoneos;
				SWIFT_COMPILATION_MODE = wholemodule;
				SWIFT_OPTIMIZATION_LEVEL = "-O";
				VALIDATE_PRODUCT = YES;
			};
			name = Release;
		};
		6690C98D2989D38700DAB628 /* Debug */ = {
			isa = XCBuildConfiguration;
			buildSettings = {
				ASSETCATALOG_COMPILER_APPICON_NAME = AppIcon;
				ASSETCATALOG_COMPILER_GLOBAL_ACCENT_COLOR_NAME = AccentColor;
				CODE_SIGN_STYLE = Automatic;
				CURRENT_PROJECT_VERSION = 1;
				DEVELOPMENT_ASSET_PATHS = "\"Law Expert/Preview Content\"";
				DEVELOPMENT_TEAM = 7CRNJ953YN;
				ENABLE_PREVIEWS = YES;
				GENERATE_INFOPLIST_FILE = YES;
				INFOPLIST_KEY_UIApplicationSceneManifest_Generation = YES;
				INFOPLIST_KEY_UIApplicationSupportsIndirectInputEvents = YES;
				INFOPLIST_KEY_UILaunchScreen_Generation = YES;
				INFOPLIST_KEY_UISupportedInterfaceOrientations_iPad = "UIInterfaceOrientationPortrait UIInterfaceOrientationPortraitUpsideDown UIInterfaceOrientationLandscapeLeft UIInterfaceOrientationLandscapeRight";
				INFOPLIST_KEY_UISupportedInterfaceOrientations_iPhone = "UIInterfaceOrientationPortrait UIInterfaceOrientationLandscapeLeft UIInterfaceOrientationLandscapeRight";
				LD_RUNPATH_SEARCH_PATHS = (
					"$(inherited)",
					"@executable_path/Frameworks",
				);
				MARKETING_VERSION = 1.0;
				PRODUCT_BUNDLE_IDENTIFIER = "com.omerkilicaslan.Law-Expert";
				PRODUCT_NAME = "$(TARGET_NAME)";
				SWIFT_EMIT_LOC_STRINGS = YES;
				SWIFT_VERSION = 5.0;
				TARGETED_DEVICE_FAMILY = "1,2";
			};
			name = Debug;
		};
		6690C98E2989D38700DAB628 /* Release */ = {
			isa = XCBuildConfiguration;
			buildSettings = {
				ASSETCATALOG_COMPILER_APPICON_NAME = AppIcon;
				ASSETCATALOG_COMPILER_GLOBAL_ACCENT_COLOR_NAME = AccentColor;
				CODE_SIGN_STYLE = Automatic;
				CURRENT_PROJECT_VERSION = 1;
				DEVELOPMENT_ASSET_PATHS = "\"Law Expert/Preview Content\"";
				DEVELOPMENT_TEAM = 7CRNJ953YN;
				ENABLE_PREVIEWS = YES;
				GENERATE_INFOPLIST_FILE = YES;
				INFOPLIST_KEY_UIApplicationSceneManifest_Generation = YES;
				INFOPLIST_KEY_UIApplicationSupportsIndirectInputEvents = YES;
				INFOPLIST_KEY_UILaunchScreen_Generation = YES;
				INFOPLIST_KEY_UISupportedInterfaceOrientations_iPad = "UIInterfaceOrientationPortrait UIInterfaceOrientationPortraitUpsideDown UIInterfaceOrientationLandscapeLeft UIInterfaceOrientationLandscapeRight";
				INFOPLIST_KEY_UISupportedInterfaceOrientations_iPhone = "UIInterfaceOrientationPortrait UIInterfaceOrientationLandscapeLeft UIInterfaceOrientationLandscapeRight";
				LD_RUNPATH_SEARCH_PATHS = (
					"$(inherited)",
					"@executable_path/Frameworks",
				);
				MARKETING_VERSION = 1.0;
				PRODUCT_BUNDLE_IDENTIFIER = "com.omerkilicaslan.Law-Expert";
				PRODUCT_NAME = "$(TARGET_NAME)";
				SWIFT_EMIT_LOC_STRINGS = YES;
				SWIFT_VERSION = 5.0;
				TARGETED_DEVICE_FAMILY = "1,2";
			};
			name = Release;
		};
		6690C9902989D38700DAB628 /* Debug */ = {
			isa = XCBuildConfiguration;
			buildSettings = {
				ALWAYS_EMBED_SWIFT_STANDARD_LIBRARIES = YES;
				BUNDLE_LOADER = "$(TEST_HOST)";
				CODE_SIGN_STYLE = Automatic;
				CURRENT_PROJECT_VERSION = 1;
				DEVELOPMENT_TEAM = 7CRNJ953YN;
				GENERATE_INFOPLIST_FILE = YES;
				IPHONEOS_DEPLOYMENT_TARGET = 15.5;
				MARKETING_VERSION = 1.0;
				PRODUCT_BUNDLE_IDENTIFIER = "com.omerkilicaslan.Law-ExpertTests";
				PRODUCT_NAME = "$(TARGET_NAME)";
				SWIFT_EMIT_LOC_STRINGS = NO;
				SWIFT_VERSION = 5.0;
				TARGETED_DEVICE_FAMILY = "1,2";
				TEST_HOST = "$(BUILT_PRODUCTS_DIR)/Law Expert.app/Law Expert";
			};
			name = Debug;
		};
		6690C9912989D38700DAB628 /* Release */ = {
			isa = XCBuildConfiguration;
			buildSettings = {
				ALWAYS_EMBED_SWIFT_STANDARD_LIBRARIES = YES;
				BUNDLE_LOADER = "$(TEST_HOST)";
				CODE_SIGN_STYLE = Automatic;
				CURRENT_PROJECT_VERSION = 1;
				DEVELOPMENT_TEAM = 7CRNJ953YN;
				GENERATE_INFOPLIST_FILE = YES;
				IPHONEOS_DEPLOYMENT_TARGET = 15.5;
				MARKETING_VERSION = 1.0;
				PRODUCT_BUNDLE_IDENTIFIER = "com.omerkilicaslan.Law-ExpertTests";
				PRODUCT_NAME = "$(TARGET_NAME)";
				SWIFT_EMIT_LOC_STRINGS = NO;
				SWIFT_VERSION = 5.0;
				TARGETED_DEVICE_FAMILY = "1,2";
				TEST_HOST = "$(BUILT_PRODUCTS_DIR)/Law Expert.app/Law Expert";
			};
			name = Release;
		};
		6690C9932989D38700DAB628 /* Debug */ = {
			isa = XCBuildConfiguration;
			buildSettings = {
				ALWAYS_EMBED_SWIFT_STANDARD_LIBRARIES = YES;
				CODE_SIGN_STYLE = Automatic;
				CURRENT_PROJECT_VERSION = 1;
				DEVELOPMENT_TEAM = 7CRNJ953YN;
				GENERATE_INFOPLIST_FILE = YES;
				MARKETING_VERSION = 1.0;
				PRODUCT_BUNDLE_IDENTIFIER = "com.omerkilicaslan.Law-ExpertUITests";
				PRODUCT_NAME = "$(TARGET_NAME)";
				SWIFT_EMIT_LOC_STRINGS = NO;
				SWIFT_VERSION = 5.0;
				TARGETED_DEVICE_FAMILY = "1,2";
				TEST_TARGET_NAME = "Law Expert";
			};
			name = Debug;
		};
		6690C9942989D38700DAB628 /* Release */ = {
			isa = XCBuildConfiguration;
			buildSettings = {
				ALWAYS_EMBED_SWIFT_STANDARD_LIBRARIES = YES;
				CODE_SIGN_STYLE = Automatic;
				CURRENT_PROJECT_VERSION = 1;
				DEVELOPMENT_TEAM = 7CRNJ953YN;
				GENERATE_INFOPLIST_FILE = YES;
				MARKETING_VERSION = 1.0;
				PRODUCT_BUNDLE_IDENTIFIER = "com.omerkilicaslan.Law-ExpertUITests";
				PRODUCT_NAME = "$(TARGET_NAME)";
				SWIFT_EMIT_LOC_STRINGS = NO;
				SWIFT_VERSION = 5.0;
				TARGETED_DEVICE_FAMILY = "1,2";
				TEST_TARGET_NAME = "Law Expert";
			};
			name = Release;
		};
/* End XCBuildConfiguration section */

/* Begin XCConfigurationList section */
		6690C9632989D38600DAB628 /* Build configuration list for PBXProject "Law Expert" */ = {
			isa = XCConfigurationList;
			buildConfigurations = (
				6690C98A2989D38700DAB628 /* Debug */,
				6690C98B2989D38700DAB628 /* Release */,
			);
			defaultConfigurationIsVisible = 0;
			defaultConfigurationName = Release;
		};
		6690C98C2989D38700DAB628 /* Build configuration list for PBXNativeTarget "Law Expert" */ = {
			isa = XCConfigurationList;
			buildConfigurations = (
				6690C98D2989D38700DAB628 /* Debug */,
				6690C98E2989D38700DAB628 /* Release */,
			);
			defaultConfigurationIsVisible = 0;
			defaultConfigurationName = Release;
		};
		6690C98F2989D38700DAB628 /* Build configuration list for PBXNativeTarget "Law ExpertTests" */ = {
			isa = XCConfigurationList;
			buildConfigurations = (
				6690C9902989D38700DAB628 /* Debug */,
				6690C9912989D38700DAB628 /* Release */,
			);
			defaultConfigurationIsVisible = 0;
			defaultConfigurationName = Release;
		};
		6690C9922989D38700DAB628 /* Build configuration list for PBXNativeTarget "Law ExpertUITests" */ = {
			isa = XCConfigurationList;
			buildConfigurations = (
				6690C9932989D38700DAB628 /* Debug */,
				6690C9942989D38700DAB628 /* Release */,
			);
			defaultConfigurationIsVisible = 0;
			defaultConfigurationName = Release;
		};
/* End XCConfigurationList section */
	};
	rootObject = 6690C9602989D38600DAB628 /* Project object */;
}
